# This file is automatically @generated by Poetry 1.8.3 and should not be changed by hand.

[[package]]
name = "argsdict"
version = "1.0.0"
description = "Simple command-line argument parser."
optional = false
python-versions = "*"
files = [
    {file = "argsdict-1.0.0.tar.gz", hash = "sha256:38b437e7f2ff0bcf2935f5039d0cfd12cc0090928c4541159dafaff4c00c83e9"},
]

[metadata]
lock-version = "2.0"
python-versions = "^3.8"
content-hash = "e7b2ef2de48e070eae0628e4320bd8dc8365677a235e0f4e20203c1af0d7c249"
